
Microsoft Visual Studio Solution File, Format Version 12.00
# Visual Studio Version 17
VisualStudioVersion = 17.0.31903.59
MinimumVisualStudioVersion = 10.0.40219.1
Project("{FAE04EC0-301F-11D3-BF4B-00C04F79EFBC}") = "SearchEngine.UI", "SearchEngine.UI\SearchEngine.UI.csproj", "{ACB50A6D-D3C3-49F9-8EA7-6E4FB888C768}"
EndProject
Project("{FAE04EC0-301F-11D3-BF4B-00C04F79EFBC}") = "SearchEngine.Core", "SearchEngine.Core\SearchEngine.Core.csproj", "{509474E8-43EC-40EB-8813-3DBDF4D7A96F}"
EndProject
Project("{FAE04EC0-301F-11D3-BF4B-00C04F79EFBC}") = "SearchEngine.Data", "SearchEngine.Data\SearchEngine.Data.csproj", "{F57F7CD2-74EA-473B-94C3-517A69709B49}"
EndProject
Global
	GlobalSection(SolutionConfigurationPlatforms) = preSolution
		Debug|Any CPU = Debug|Any CPU
		Release|Any CPU = Release|Any CPU
	EndGlobalSection
	GlobalSection(SolutionProperties) = preSolution
		HideSolutionNode = FALSE
	EndGlobalSection
	GlobalSection(ProjectConfigurationPlatforms) = postSolution
		{ACB50A6D-D3C3-49F9-8EA7-6E4FB888C768}.Debug|Any CPU.ActiveCfg = Debug|Any CPU
		{ACB50A6D-D3C3-49F9-8EA7-6E4FB888C768}.Debug|Any CPU.Build.0 = Debug|Any CPU
		{ACB50A6D-D3C3-49F9-8EA7-6E4FB888C768}.Release|Any CPU.ActiveCfg = Release|Any CPU
		{ACB50A6D-D3C3-49F9-8EA7-6E4FB888C768}.Release|Any CPU.Build.0 = Release|Any CPU
		{509474E8-43EC-40EB-8813-3DBDF4D7A96F}.Debug|Any CPU.ActiveCfg = Debug|Any CPU
		{509474E8-43EC-40EB-8813-3DBDF4D7A96F}.Debug|Any CPU.Build.0 = Debug|Any CPU
		{509474E8-43EC-40EB-8813-3DBDF4D7A96F}.Release|Any CPU.ActiveCfg = Release|Any CPU
		{509474E8-43EC-40EB-8813-3DBDF4D7A96F}.Release|Any CPU.Build.0 = Release|Any CPU
		{F57F7CD2-74EA-473B-94C3-517A69709B49}.Debug|Any CPU.ActiveCfg = Debug|Any CPU
		{F57F7CD2-74EA-473B-94C3-517A69709B49}.Debug|Any CPU.Build.0 = Debug|Any CPU
		{F57F7CD2-74EA-473B-94C3-517A69709B49}.Release|Any CPU.ActiveCfg = Release|Any CPU
		{F57F7CD2-74EA-473B-94C3-517A69709B49}.Release|Any CPU.Build.0 = Release|Any CPU
	EndGlobalSection
EndGlobal
